
Microsoft Visual Studio Solution File, Format Version 12.00
Project("{FAE04EC0-301F-11D3-BF4B-00C04F79EFBC}") = "SatSolverLib", "SatSolverLib.csproj", "{959F0F84-3EDA-46F2-B06B-4F894F6596DB}"
EndProject
Project("{FAE04EC0-301F-11D3-BF4B-00C04F79EFBC}") = "TestApp", "TestApp\TestApp.csproj", "{7FFCAA22-DE71-49D5-AF33-58E0A9ECE982}"
EndProject
Global
	GlobalSection(SolutionConfigurationPlatforms) = preSolution
		Debug|Any CPU = Debug|Any CPU
		Release|Any CPU = Release|Any CPU
	EndGlobalSection
	GlobalSection(ProjectConfigurationPlatforms) = postSolution
		{959F0F84-3EDA-46F2-B06B-4F894F6596DB}.Debug|Any CPU.ActiveCfg = Debug|Any CPU
		{959F0F84-3EDA-46F2-B06B-4F894F6596DB}.Debug|Any CPU.Build.0 = Debug|Any CPU
		{959F0F84-3EDA-46F2-B06B-4F894F6596DB}.Release|Any CPU.ActiveCfg = Release|Any CPU
		{959F0F84-3EDA-46F2-B06B-4F894F6596DB}.Release|Any CPU.Build.0 = Release|Any CPU
		{7FFCAA22-DE71-49D5-AF33-58E0A9ECE982}.Debug|Any CPU.ActiveCfg = Debug|Any CPU
		{7FFCAA22-DE71-49D5-AF33-58E0A9ECE982}.Debug|Any CPU.Build.0 = Debug|Any CPU
		{7FFCAA22-DE71-49D5-AF33-58E0A9ECE982}.Release|Any CPU.ActiveCfg = Release|Any CPU
		{7FFCAA22-DE71-49D5-AF33-58E0A9ECE982}.Release|Any CPU.Build.0 = Release|Any CPU
	EndGlobalSection
EndGlobal
